{
  "name": "claude-ops",
  "version": "1.0.0",
  "lockfileVersion": 3,
  "requires": true,
  "packages": {
    "": {
      "name": "claude-ops",
      "version": "1.0.0",
      "license": "MIT",
      "bin": {
        "claude-ops": "src/cli/index.js"
      },
      "engines": {
        "node": ">=18.0.0"
      }
    }
  }
}
